
Microsoft Visual Studio Solution File, Format Version 12.00
# Visual Studio Version 17
VisualStudioVersion = 17.9.34723.18
MinimumVisualStudioVersion = 10.0.40219.1
Project("{FAE04EC0-301F-11D3-BF4B-00C04F79EFBC}") = "EtiveMor.OpenImoRegistrationNumberValidator", "EtiveMor.OpenImoRegistrationNumberValidator.csproj", "{452ADBE4-767E-497E-A2BB-ACAE1A1CE7D1}"
EndProject
Project("{FAE04EC0-301F-11D3-BF4B-00C04F79EFBC}") = "EtiveMor.OpenImoRegistrationNumberValidator.Tests", "..\EtiveMor.OpenImoRegistrationNumberValidator.Tests\EtiveMor.OpenImoRegistrationNumberValidator.Tests.csproj", "{27F4813A-D9C9-4B34-8E9C-82891EDD28BC}"
EndProject
Global
	GlobalSection(SolutionConfigurationPlatforms) = preSolution
		Debug|Any CPU = Debug|Any CPU
		Release|Any CPU = Release|Any CPU
	EndGlobalSection
	GlobalSection(ProjectConfigurationPlatforms) = postSolution
		{452ADBE4-767E-497E-A2BB-ACAE1A1CE7D1}.Debug|Any CPU.ActiveCfg = Debug|Any CPU
		{452ADBE4-767E-497E-A2BB-ACAE1A1CE7D1}.Debug|Any CPU.Build.0 = Debug|Any CPU
		{452ADBE4-767E-497E-A2BB-ACAE1A1CE7D1}.Release|Any CPU.ActiveCfg = Release|Any CPU
		{452ADBE4-767E-497E-A2BB-ACAE1A1CE7D1}.Release|Any CPU.Build.0 = Release|Any CPU
		{27F4813A-D9C9-4B34-8E9C-82891EDD28BC}.Debug|Any CPU.ActiveCfg = Debug|Any CPU
		{27F4813A-D9C9-4B34-8E9C-82891EDD28BC}.Debug|Any CPU.Build.0 = Debug|Any CPU
		{27F4813A-D9C9-4B34-8E9C-82891EDD28BC}.Release|Any CPU.ActiveCfg = Release|Any CPU
		{27F4813A-D9C9-4B34-8E9C-82891EDD28BC}.Release|Any CPU.Build.0 = Release|Any CPU
	EndGlobalSection
	GlobalSection(SolutionProperties) = preSolution
		HideSolutionNode = FALSE
	EndGlobalSection
	GlobalSection(ExtensibilityGlobals) = postSolution
		SolutionGuid = {66A77475-7C9C-4F93-8E44-6A44DC7B987F}
	EndGlobalSection
EndGlobal
